
Microsoft Visual Studio Solution File, Format Version 12.00
# Visual Studio 15
VisualStudioVersion = 15.0.27130.2003
MinimumVisualStudioVersion = 10.0.40219.1
Project("{9A19103F-16F7-4668-BE54-9A1E7A4F7556}") = "4618 Scouting App Server", "4618 Scouting App Server\4618 Scouting App Server.csproj", "{9EEB2D0F-8B4C-4AD8-8FFE-3A6459DC01A1}"
EndProject
Global
	GlobalSection(SolutionConfigurationPlatforms) = preSolution
		Debug|Any CPU = Debug|Any CPU
		Release|Any CPU = Release|Any CPU
	EndGlobalSection
	GlobalSection(ProjectConfigurationPlatforms) = postSolution
		{9EEB2D0F-8B4C-4AD8-8FFE-3A6459DC01A1}.Debug|Any CPU.ActiveCfg = Debug|Any CPU
		{9EEB2D0F-8B4C-4AD8-8FFE-3A6459DC01A1}.Debug|Any CPU.Build.0 = Debug|Any CPU
		{9EEB2D0F-8B4C-4AD8-8FFE-3A6459DC01A1}.Release|Any CPU.ActiveCfg = Release|Any CPU
		{9EEB2D0F-8B4C-4AD8-8FFE-3A6459DC01A1}.Release|Any CPU.Build.0 = Release|Any CPU
	EndGlobalSection
	GlobalSection(SolutionProperties) = preSolution
		HideSolutionNode = FALSE
	EndGlobalSection
	GlobalSection(ExtensibilityGlobals) = postSolution
		SolutionGuid = {77BD01DF-3EFF-4DA8-A601-381AA5BCA311}
	EndGlobalSection
EndGlobal
